
Microsoft Visual Studio Solution File, Format Version 12.00
# Visual Studio Version 16
VisualStudioVersion = 16.0.30907.101
MinimumVisualStudioVersion = 10.0.40219.1
Project("{FAE04EC0-301F-11D3-BF4B-00C04F79EFBC}") = "CoreCFirstWebApi", "CoreCFirstWebApi\CoreCFirstWebApi.csproj", "{73995FF5-D7DD-41F5-9C20-73F39716BD56}"
EndProject
Global
	GlobalSection(SolutionConfigurationPlatforms) = preSolution
		Debug|Any CPU = Debug|Any CPU
		Release|Any CPU = Release|Any CPU
	EndGlobalSection
	GlobalSection(ProjectConfigurationPlatforms) = postSolution
		{73995FF5-D7DD-41F5-9C20-73F39716BD56}.Debug|Any CPU.ActiveCfg = Debug|Any CPU
		{73995FF5-D7DD-41F5-9C20-73F39716BD56}.Debug|Any CPU.Build.0 = Debug|Any CPU
		{73995FF5-D7DD-41F5-9C20-73F39716BD56}.Release|Any CPU.ActiveCfg = Release|Any CPU
		{73995FF5-D7DD-41F5-9C20-73F39716BD56}.Release|Any CPU.Build.0 = Release|Any CPU
	EndGlobalSection
	GlobalSection(SolutionProperties) = preSolution
		HideSolutionNode = FALSE
	EndGlobalSection
	GlobalSection(ExtensibilityGlobals) = postSolution
		SolutionGuid = {B7FB5B3C-DA00-4ADB-B1E2-D805D884327A}
	EndGlobalSection
EndGlobal
